
Microsoft Visual Studio Solution File, Format Version 12.00
# Visual Studio Version 17
VisualStudioVersion = 17.0.31903.59
MinimumVisualStudioVersion = 10.0.40219.1
Project("{2150E333-8FDC-42A3-9474-1A3956D46DE8}") = "src", "src", "{827E0CD3-B72D-47B6-A68D-7590B98EB39B}"
EndProject
Project("{2150E333-8FDC-42A3-9474-1A3956D46DE8}") = "IdentityService", "IdentityService", "{F8B90FFE-BB37-8A69-F901-2B9289615797}"
EndProject
Project("{FAE04EC0-301F-11D3-BF4B-00C04F79EFBC}") = "IdentityService.Api", "src\IdentityService\IdentityService.Api\IdentityService.Api.csproj", "{AA28CA0C-FDE9-4FDC-899B-A0EF377667B1}"
EndProject
Project("{FAE04EC0-301F-11D3-BF4B-00C04F79EFBC}") = "IdentityService.Application", "src\IdentityService\IdentityService.Application\IdentityService.Application.csproj", "{1A3AA13E-B342-41B4-814C-5D1117ADFD93}"
EndProject
Project("{FAE04EC0-301F-11D3-BF4B-00C04F79EFBC}") = "IdentityService.Domain", "src\IdentityService\IdentityService.Domain\IdentityService.Domain.csproj", "{F7C23321-BC79-401B-BFBE-4ED99FC8A062}"
EndProject
Project("{FAE04EC0-301F-11D3-BF4B-00C04F79EFBC}") = "IdentityService.Infrastructure", "src\IdentityService\IdentityService.Infrastructure\IdentityService.Infrastructure.csproj", "{447DBD7C-7B45-454D-B1F8-467425BA4837}"
EndProject
Project("{2150E333-8FDC-42A3-9474-1A3956D46DE8}") = "ClientService", "ClientService", "{1F374950-EEF5-9628-3579-A7C373BA02DA}"
EndProject
Project("{FAE04EC0-301F-11D3-BF4B-00C04F79EFBC}") = "ClientService.Api", "src\ClientService\ClientService.Api\ClientService.Api.csproj", "{A90643DF-67EB-4B14-9043-218132029D8F}"
EndProject
Project("{FAE04EC0-301F-11D3-BF4B-00C04F79EFBC}") = "ClientService.Application", "src\ClientService\ClientService.Application\ClientService.Application.csproj", "{5987516B-BA87-46DA-9228-26FAC03B3A78}"
EndProject
Project("{FAE04EC0-301F-11D3-BF4B-00C04F79EFBC}") = "ClientService.Domain", "src\ClientService\ClientService.Domain\ClientService.Domain.csproj", "{C87F4646-54D5-4D5F-BAB8-EA52F1A4E176}"
EndProject
Project("{FAE04EC0-301F-11D3-BF4B-00C04F79EFBC}") = "ClientService.Infrastructure", "src\ClientService\ClientService.Infrastructure\ClientService.Infrastructure.csproj", "{9A6A9B87-8F88-457C-98B8-9F2CA02C3A9F}"
EndProject
Project("{2150E333-8FDC-42A3-9474-1A3956D46DE8}") = "OrderService", "OrderService", "{D5064FC8-1F49-54B6-E1C8-B23A6140528A}"
EndProject
Project("{FAE04EC0-301F-11D3-BF4B-00C04F79EFBC}") = "OrderService.Api", "src\OrderService\OrderService.Api\OrderService.Api.csproj", "{E32ED892-2D0D-4F42-89C8-ED9C59C2D53B}"
EndProject
Project("{FAE04EC0-301F-11D3-BF4B-00C04F79EFBC}") = "OrderService.Application", "src\OrderService\OrderService.Application\OrderService.Application.csproj", "{F2D37E48-0466-4581-AF12-1C3FFE7E2D4C}"
EndProject
Project("{FAE04EC0-301F-11D3-BF4B-00C04F79EFBC}") = "OrderService.Domain", "src\OrderService\OrderService.Domain\OrderService.Domain.csproj", "{FF3E2149-E49E-4AD6-8F10-2AE8DF8702B3}"
EndProject
Project("{FAE04EC0-301F-11D3-BF4B-00C04F79EFBC}") = "OrderService.Infrastructure", "src\OrderService\OrderService.Infrastructure\OrderService.Infrastructure.csproj", "{420165D9-17B2-4952-BE7B-CE39848E65BE}"
EndProject
Project("{2150E333-8FDC-42A3-9474-1A3956D46DE8}") = "PortfolioService", "PortfolioService", "{148496FC-F860-5358-356B-D7878D2948E8}"
EndProject
Project("{FAE04EC0-301F-11D3-BF4B-00C04F79EFBC}") = "PortfolioService.Api", "src\PortfolioService\PortfolioService.Api\PortfolioService.Api.csproj", "{F95282A1-DD28-4182-9BDD-4FBB5B2C5E52}"
EndProject
Project("{FAE04EC0-301F-11D3-BF4B-00C04F79EFBC}") = "PortfolioService.Application", "src\PortfolioService\PortfolioService.Application\PortfolioService.Application.csproj", "{207AB01C-51D9-47A1-91AE-2B87DB149DF8}"
EndProject
Project("{FAE04EC0-301F-11D3-BF4B-00C04F79EFBC}") = "PortfolioService.Domain", "src\PortfolioService\PortfolioService.Domain\PortfolioService.Domain.csproj", "{431F8B66-927C-437C-A962-46D681926B40}"
EndProject
Project("{FAE04EC0-301F-11D3-BF4B-00C04F79EFBC}") = "PortfolioService.Infrastructure", "src\PortfolioService\PortfolioService.Infrastructure\PortfolioService.Infrastructure.csproj", "{CCD8AF43-AFA9-4892-A130-2CC6425CE123}"
EndProject
Project("{2150E333-8FDC-42A3-9474-1A3956D46DE8}") = "NotificationService", "NotificationService", "{9ED238A0-938C-9A3F-DDEA-9079E74DEC51}"
EndProject
Project("{FAE04EC0-301F-11D3-BF4B-00C04F79EFBC}") = "NotificationService.Api", "src\NotificationService\NotificationService.Api\NotificationService.Api.csproj", "{A2281CD1-B53A-4265-BD52-6C2B1A431587}"
EndProject
Project("{FAE04EC0-301F-11D3-BF4B-00C04F79EFBC}") = "NotificationService.Application", "src\NotificationService\NotificationService.Application\NotificationService.Application.csproj", "{A4D187CF-5B38-4386-B937-86C5324B179E}"
EndProject
Project("{2150E333-8FDC-42A3-9474-1A3956D46DE8}") = "AuditService", "AuditService", "{F05EC834-DB44-7430-94CD-2C8FD71A6BAA}"
EndProject
Project("{FAE04EC0-301F-11D3-BF4B-00C04F79EFBC}") = "AuditService.Api", "src\AuditService\AuditService.Api\AuditService.Api.csproj", "{3CEEE3BF-304D-4BAD-9D5E-644EB3CD6489}"
EndProject
Project("{FAE04EC0-301F-11D3-BF4B-00C04F79EFBC}") = "AuditService.Domain", "src\AuditService\AuditService.Domain\AuditService.Domain.csproj", "{AE5B9B0D-077F-4655-99DA-26F130054FD0}"
EndProject
Project("{FAE04EC0-301F-11D3-BF4B-00C04F79EFBC}") = "AuditService.Infrastructure", "src\AuditService\AuditService.Infrastructure\AuditService.Infrastructure.csproj", "{344DD8F5-AE4E-4C64-9B1A-99C2DE98EC4E}"
EndProject
Project("{2150E333-8FDC-42A3-9474-1A3956D46DE8}") = "ApiGateway", "ApiGateway", "{FCA01246-F2C6-0AA7-D43F-FD13BE0B9D88}"
EndProject
Project("{FAE04EC0-301F-11D3-BF4B-00C04F79EFBC}") = "ApiGateway.Api", "src\ApiGateway\ApiGateway.Api\ApiGateway.Api.csproj", "{5B2BB4B9-8682-4FB4-980C-7E6D28AE11AC}"
EndProject
Global
	GlobalSection(SolutionConfigurationPlatforms) = preSolution
		Debug|Any CPU = Debug|Any CPU
		Debug|x64 = Debug|x64
		Debug|x86 = Debug|x86
		Release|Any CPU = Release|Any CPU
		Release|x64 = Release|x64
		Release|x86 = Release|x86
	EndGlobalSection
	GlobalSection(ProjectConfigurationPlatforms) = postSolution
		{AA28CA0C-FDE9-4FDC-899B-A0EF377667B1}.Debug|Any CPU.ActiveCfg = Debug|Any CPU
		{AA28CA0C-FDE9-4FDC-899B-A0EF377667B1}.Debug|Any CPU.Build.0 = Debug|Any CPU
		{AA28CA0C-FDE9-4FDC-899B-A0EF377667B1}.Debug|x64.ActiveCfg = Debug|Any CPU
		{AA28CA0C-FDE9-4FDC-899B-A0EF377667B1}.Debug|x64.Build.0 = Debug|Any CPU
		{AA28CA0C-FDE9-4FDC-899B-A0EF377667B1}.Debug|x86.ActiveCfg = Debug|Any CPU
		{AA28CA0C-FDE9-4FDC-899B-A0EF377667B1}.Debug|x86.Build.0 = Debug|Any CPU
		{AA28CA0C-FDE9-4FDC-899B-A0EF377667B1}.Release|Any CPU.ActiveCfg = Release|Any CPU
		{AA28CA0C-FDE9-4FDC-899B-A0EF377667B1}.Release|Any CPU.Build.0 = Release|Any CPU
		{AA28CA0C-FDE9-4FDC-899B-A0EF377667B1}.Release|x64.ActiveCfg = Release|Any CPU
		{AA28CA0C-FDE9-4FDC-899B-A0EF377667B1}.Release|x64.Build.0 = Release|Any CPU
		{AA28CA0C-FDE9-4FDC-899B-A0EF377667B1}.Release|x86.ActiveCfg = Release|Any CPU
		{AA28CA0C-FDE9-4FDC-899B-A0EF377667B1}.Release|x86.Build.0 = Release|Any CPU
		{1A3AA13E-B342-41B4-814C-5D1117ADFD93}.Debug|Any CPU.ActiveCfg = Debug|Any CPU
		{1A3AA13E-B342-41B4-814C-5D1117ADFD93}.Debug|Any CPU.Build.0 = Debug|Any CPU
		{1A3AA13E-B342-41B4-814C-5D1117ADFD93}.Debug|x64.ActiveCfg = Debug|Any CPU
		{1A3AA13E-B342-41B4-814C-5D1117ADFD93}.Debug|x64.Build.0 = Debug|Any CPU
		{1A3AA13E-B342-41B4-814C-5D1117ADFD93}.Debug|x86.ActiveCfg = Debug|Any CPU
		{1A3AA13E-B342-41B4-814C-5D1117ADFD93}.Debug|x86.Build.0 = Debug|Any CPU
		{1A3AA13E-B342-41B4-814C-5D1117ADFD93}.Release|Any CPU.ActiveCfg = Release|Any CPU
		{1A3AA13E-B342-41B4-814C-5D1117ADFD93}.Release|Any CPU.Build.0 = Release|Any CPU
		{1A3AA13E-B342-41B4-814C-5D1117ADFD93}.Release|x64.ActiveCfg = Release|Any CPU
		{1A3AA13E-B342-41B4-814C-5D1117ADFD93}.Release|x64.Build.0 = Release|Any CPU
		{1A3AA13E-B342-41B4-814C-5D1117ADFD93}.Release|x86.ActiveCfg = Release|Any CPU
		{1A3AA13E-B342-41B4-814C-5D1117ADFD93}.Release|x86.Build.0 = Release|Any CPU
		{F7C23321-BC79-401B-BFBE-4ED99FC8A062}.Debug|Any CPU.ActiveCfg = Debug|Any CPU
		{F7C23321-BC79-401B-BFBE-4ED99FC8A062}.Debug|Any CPU.Build.0 = Debug|Any CPU
		{F7C23321-BC79-401B-BFBE-4ED99FC8A062}.Debug|x64.ActiveCfg = Debug|Any CPU
		{F7C23321-BC79-401B-BFBE-4ED99FC8A062}.Debug|x64.Build.0 = Debug|Any CPU
		{F7C23321-BC79-401B-BFBE-4ED99FC8A062}.Debug|x86.ActiveCfg = Debug|Any CPU
		{F7C23321-BC79-401B-BFBE-4ED99FC8A062}.Debug|x86.Build.0 = Debug|Any CPU
		{F7C23321-BC79-401B-BFBE-4ED99FC8A062}.Release|Any CPU.ActiveCfg = Release|Any CPU
		{F7C23321-BC79-401B-BFBE-4ED99FC8A062}.Release|Any CPU.Build.0 = Release|Any CPU
		{F7C23321-BC79-401B-BFBE-4ED99FC8A062}.Release|x64.ActiveCfg = Release|Any CPU
		{F7C23321-BC79-401B-BFBE-4ED99FC8A062}.Release|x64.Build.0 = Release|Any CPU
		{F7C23321-BC79-401B-BFBE-4ED99FC8A062}.Release|x86.ActiveCfg = Release|Any CPU
		{F7C23321-BC79-401B-BFBE-4ED99FC8A062}.Release|x86.Build.0 = Release|Any CPU
		{447DBD7C-7B45-454D-B1F8-467425BA4837}.Debug|Any CPU.ActiveCfg = Debug|Any CPU
		{447DBD7C-7B45-454D-B1F8-467425BA4837}.Debug|Any CPU.Build.0 = Debug|Any CPU
		{447DBD7C-7B45-454D-B1F8-467425BA4837}.Debug|x64.ActiveCfg = Debug|Any CPU
		{447DBD7C-7B45-454D-B1F8-467425BA4837}.Debug|x64.Build.0 = Debug|Any CPU
		{447DBD7C-7B45-454D-B1F8-467425BA4837}.Debug|x86.ActiveCfg = Debug|Any CPU
		{447DBD7C-7B45-454D-B1F8-467425BA4837}.Debug|x86.Build.0 = Debug|Any CPU
		{447DBD7C-7B45-454D-B1F8-467425BA4837}.Release|Any CPU.ActiveCfg = Release|Any CPU
		{447DBD7C-7B45-454D-B1F8-467425BA4837}.Release|Any CPU.Build.0 = Release|Any CPU
		{447DBD7C-7B45-454D-B1F8-467425BA4837}.Release|x64.ActiveCfg = Release|Any CPU
		{447DBD7C-7B45-454D-B1F8-467425BA4837}.Release|x64.Build.0 = Release|Any CPU
		{447DBD7C-7B45-454D-B1F8-467425BA4837}.Release|x86.ActiveCfg = Release|Any CPU
		{447DBD7C-7B45-454D-B1F8-467425BA4837}.Release|x86.Build.0 = Release|Any CPU
		{A90643DF-67EB-4B14-9043-218132029D8F}.Debug|Any CPU.ActiveCfg = Debug|Any CPU
		{A90643DF-67EB-4B14-9043-218132029D8F}.Debug|Any CPU.Build.0 = Debug|Any CPU
		{A90643DF-67EB-4B14-9043-218132029D8F}.Debug|x64.ActiveCfg = Debug|Any CPU
		{A90643DF-67EB-4B14-9043-218132029D8F}.Debug|x64.Build.0 = Debug|Any CPU
		{A90643DF-67EB-4B14-9043-218132029D8F}.Debug|x86.ActiveCfg = Debug|Any CPU
		{A90643DF-67EB-4B14-9043-218132029D8F}.Debug|x86.Build.0 = Debug|Any CPU
		{A90643DF-67EB-4B14-9043-218132029D8F}.Release|Any CPU.ActiveCfg = Release|Any CPU
		{A90643DF-67EB-4B14-9043-218132029D8F}.Release|Any CPU.Build.0 = Release|Any CPU
		{A90643DF-67EB-4B14-9043-218132029D8F}.Release|x64.ActiveCfg = Release|Any CPU
		{A90643DF-67EB-4B14-9043-218132029D8F}.Release|x64.Build.0 = Release|Any CPU
		{A90643DF-67EB-4B14-9043-218132029D8F}.Release|x86.ActiveCfg = Release|Any CPU
		{A90643DF-67EB-4B14-9043-218132029D8F}.Release|x86.Build.0 = Release|Any CPU
		{5987516B-BA87-46DA-9228-26FAC03B3A78}.Debug|Any CPU.ActiveCfg = Debug|Any CPU
		{5987516B-BA87-46DA-9228-26FAC03B3A78}.Debug|Any CPU.Build.0 = Debug|Any CPU
		{5987516B-BA87-46DA-9228-26FAC03B3A78}.Debug|x64.ActiveCfg = Debug|Any CPU
		{5987516B-BA87-46DA-9228-26FAC03B3A78}.Debug|x64.Build.0 = Debug|Any CPU
		{5987516B-BA87-46DA-9228-26FAC03B3A78}.Debug|x86.ActiveCfg = Debug|Any CPU
		{5987516B-BA87-46DA-9228-26FAC03B3A78}.Debug|x86.Build.0 = Debug|Any CPU
		{5987516B-BA87-46DA-9228-26FAC03B3A78}.Release|Any CPU.ActiveCfg = Release|Any CPU
		{5987516B-BA87-46DA-9228-26FAC03B3A78}.Release|Any CPU.Build.0 = Release|Any CPU
		{5987516B-BA87-46DA-9228-26FAC03B3A78}.Release|x64.ActiveCfg = Release|Any CPU
		{5987516B-BA87-46DA-9228-26FAC03B3A78}.Release|x64.Build.0 = Release|Any CPU
		{5987516B-BA87-46DA-9228-26FAC03B3A78}.Release|x86.ActiveCfg = Release|Any CPU
		{5987516B-BA87-46DA-9228-26FAC03B3A78}.Release|x86.Build.0 = Release|Any CPU
		{C87F4646-54D5-4D5F-BAB8-EA52F1A4E176}.Debug|Any CPU.ActiveCfg = Debug|Any CPU
		{C87F4646-54D5-4D5F-BAB8-EA52F1A4E176}.Debug|Any CPU.Build.0 = Debug|Any CPU
		{C87F4646-54D5-4D5F-BAB8-EA52F1A4E176}.Debug|x64.ActiveCfg = Debug|Any CPU
		{C87F4646-54D5-4D5F-BAB8-EA52F1A4E176}.Debug|x64.Build.0 = Debug|Any CPU
		{C87F4646-54D5-4D5F-BAB8-EA52F1A4E176}.Debug|x86.ActiveCfg = Debug|Any CPU
		{C87F4646-54D5-4D5F-BAB8-EA52F1A4E176}.Debug|x86.Build.0 = Debug|Any CPU
		{C87F4646-54D5-4D5F-BAB8-EA52F1A4E176}.Release|Any CPU.ActiveCfg = Release|Any CPU
		{C87F4646-54D5-4D5F-BAB8-EA52F1A4E176}.Release|Any CPU.Build.0 = Release|Any CPU
		{C87F4646-54D5-4D5F-BAB8-EA52F1A4E176}.Release|x64.ActiveCfg = Release|Any CPU
		{C87F4646-54D5-4D5F-BAB8-EA52F1A4E176}.Release|x64.Build.0 = Release|Any CPU
		{C87F4646-54D5-4D5F-BAB8-EA52F1A4E176}.Release|x86.ActiveCfg = Release|Any CPU
		{C87F4646-54D5-4D5F-BAB8-EA52F1A4E176}.Release|x86.Build.0 = Release|Any CPU
		{9A6A9B87-8F88-457C-98B8-9F2CA02C3A9F}.Debug|Any CPU.ActiveCfg = Debug|Any CPU
		{9A6A9B87-8F88-457C-98B8-9F2CA02C3A9F}.Debug|Any CPU.Build.0 = Debug|Any CPU
		{9A6A9B87-8F88-457C-98B8-9F2CA02C3A9F}.Debug|x64.ActiveCfg = Debug|Any CPU
		{9A6A9B87-8F88-457C-98B8-9F2CA02C3A9F}.Debug|x64.Build.0 = Debug|Any CPU
		{9A6A9B87-8F88-457C-98B8-9F2CA02C3A9F}.Debug|x86.ActiveCfg = Debug|Any CPU
		{9A6A9B87-8F88-457C-98B8-9F2CA02C3A9F}.Debug|x86.Build.0 = Debug|Any CPU
		{9A6A9B87-8F88-457C-98B8-9F2CA02C3A9F}.Release|Any CPU.ActiveCfg = Release|Any CPU
		{9A6A9B87-8F88-457C-98B8-9F2CA02C3A9F}.Release|Any CPU.Build.0 = Release|Any CPU
		{9A6A9B87-8F88-457C-98B8-9F2CA02C3A9F}.Release|x64.ActiveCfg = Release|Any CPU
		{9A6A9B87-8F88-457C-98B8-9F2CA02C3A9F}.Release|x64.Build.0 = Release|Any CPU
		{9A6A9B87-8F88-457C-98B8-9F2CA02C3A9F}.Release|x86.ActiveCfg = Release|Any CPU
		{9A6A9B87-8F88-457C-98B8-9F2CA02C3A9F}.Release|x86.Build.0 = Release|Any CPU
		{E32ED892-2D0D-4F42-89C8-ED9C59C2D53B}.Debug|Any CPU.ActiveCfg = Debug|Any CPU
		{E32ED892-2D0D-4F42-89C8-ED9C59C2D53B}.Debug|Any CPU.Build.0 = Debug|Any CPU
		{E32ED892-2D0D-4F42-89C8-ED9C59C2D53B}.Debug|x64.ActiveCfg = Debug|Any CPU
		{E32ED892-2D0D-4F42-89C8-ED9C59C2D53B}.Debug|x64.Build.0 = Debug|Any CPU
		{E32ED892-2D0D-4F42-89C8-ED9C59C2D53B}.Debug|x86.ActiveCfg = Debug|Any CPU
		{E32ED892-2D0D-4F42-89C8-ED9C59C2D53B}.Debug|x86.Build.0 = Debug|Any CPU
		{E32ED892-2D0D-4F42-89C8-ED9C59C2D53B}.Release|Any CPU.ActiveCfg = Release|Any CPU
		{E32ED892-2D0D-4F42-89C8-ED9C59C2D53B}.Release|Any CPU.Build.0 = Release|Any CPU
		{E32ED892-2D0D-4F42-89C8-ED9C59C2D53B}.Release|x64.ActiveCfg = Release|Any CPU
		{E32ED892-2D0D-4F42-89C8-ED9C59C2D53B}.Release|x64.Build.0 = Release|Any CPU
		{E32ED892-2D0D-4F42-89C8-ED9C59C2D53B}.Release|x86.ActiveCfg = Release|Any CPU
		{E32ED892-2D0D-4F42-89C8-ED9C59C2D53B}.Release|x86.Build.0 = Release|Any CPU
		{F2D37E48-0466-4581-AF12-1C3FFE7E2D4C}.Debug|Any CPU.ActiveCfg = Debug|Any CPU
		{F2D37E48-0466-4581-AF12-1C3FFE7E2D4C}.Debug|Any CPU.Build.0 = Debug|Any CPU
		{F2D37E48-0466-4581-AF12-1C3FFE7E2D4C}.Debug|x64.ActiveCfg = Debug|Any CPU
		{F2D37E48-0466-4581-AF12-1C3FFE7E2D4C}.Debug|x64.Build.0 = Debug|Any CPU
		{F2D37E48-0466-4581-AF12-1C3FFE7E2D4C}.Debug|x86.ActiveCfg = Debug|Any CPU
		{F2D37E48-0466-4581-AF12-1C3FFE7E2D4C}.Debug|x86.Build.0 = Debug|Any CPU
		{F2D37E48-0466-4581-AF12-1C3FFE7E2D4C}.Release|Any CPU.ActiveCfg = Release|Any CPU
		{F2D37E48-0466-4581-AF12-1C3FFE7E2D4C}.Release|Any CPU.Build.0 = Release|Any CPU
		{F2D37E48-0466-4581-AF12-1C3FFE7E2D4C}.Release|x64.ActiveCfg = Release|Any CPU
		{F2D37E48-0466-4581-AF12-1C3FFE7E2D4C}.Release|x64.Build.0 = Release|Any CPU
		{F2D37E48-0466-4581-AF12-1C3FFE7E2D4C}.Release|x86.ActiveCfg = Release|Any CPU
		{F2D37E48-0466-4581-AF12-1C3FFE7E2D4C}.Release|x86.Build.0 = Release|Any CPU
		{FF3E2149-E49E-4AD6-8F10-2AE8DF8702B3}.Debug|Any CPU.ActiveCfg = Debug|Any CPU
		{FF3E2149-E49E-4AD6-8F10-2AE8DF8702B3}.Debug|Any CPU.Build.0 = Debug|Any CPU
		{FF3E2149-E49E-4AD6-8F10-2AE8DF8702B3}.Debug|x64.ActiveCfg = Debug|Any CPU
		{FF3E2149-E49E-4AD6-8F10-2AE8DF8702B3}.Debug|x64.Build.0 = Debug|Any CPU
		{FF3E2149-E49E-4AD6-8F10-2AE8DF8702B3}.Debug|x86.ActiveCfg = Debug|Any CPU
		{FF3E2149-E49E-4AD6-8F10-2AE8DF8702B3}.Debug|x86.Build.0 = Debug|Any CPU
		{FF3E2149-E49E-4AD6-8F10-2AE8DF8702B3}.Release|Any CPU.ActiveCfg = Release|Any CPU
		{FF3E2149-E49E-4AD6-8F10-2AE8DF8702B3}.Release|Any CPU.Build.0 = Release|Any CPU
		{FF3E2149-E49E-4AD6-8F10-2AE8DF8702B3}.Release|x64.ActiveCfg = Release|Any CPU
		{FF3E2149-E49E-4AD6-8F10-2AE8DF8702B3}.Release|x64.Build.0 = Release|Any CPU
		{FF3E2149-E49E-4AD6-8F10-2AE8DF8702B3}.Release|x86.ActiveCfg = Release|Any CPU
		{FF3E2149-E49E-4AD6-8F10-2AE8DF8702B3}.Release|x86.Build.0 = Release|Any CPU
		{420165D9-17B2-4952-BE7B-CE39848E65BE}.Debug|Any CPU.ActiveCfg = Debug|Any CPU
		{420165D9-17B2-4952-BE7B-CE39848E65BE}.Debug|Any CPU.Build.0 = Debug|Any CPU
		{420165D9-17B2-4952-BE7B-CE39848E65BE}.Debug|x64.ActiveCfg = Debug|Any CPU
		{420165D9-17B2-4952-BE7B-CE39848E65BE}.Debug|x64.Build.0 = Debug|Any CPU
		{420165D9-17B2-4952-BE7B-CE39848E65BE}.Debug|x86.ActiveCfg = Debug|Any CPU
		{420165D9-17B2-4952-BE7B-CE39848E65BE}.Debug|x86.Build.0 = Debug|Any CPU
		{420165D9-17B2-4952-BE7B-CE39848E65BE}.Release|Any CPU.ActiveCfg = Release|Any CPU
		{420165D9-17B2-4952-BE7B-CE39848E65BE}.Release|Any CPU.Build.0 = Release|Any CPU
		{420165D9-17B2-4952-BE7B-CE39848E65BE}.Release|x64.ActiveCfg = Release|Any CPU
		{420165D9-17B2-4952-BE7B-CE39848E65BE}.Release|x64.Build.0 = Release|Any CPU
		{420165D9-17B2-4952-BE7B-CE39848E65BE}.Release|x86.ActiveCfg = Release|Any CPU
		{420165D9-17B2-4952-BE7B-CE39848E65BE}.Release|x86.Build.0 = Release|Any CPU
		{F95282A1-DD28-4182-9BDD-4FBB5B2C5E52}.Debug|Any CPU.ActiveCfg = Debug|Any CPU
		{F95282A1-DD28-4182-9BDD-4FBB5B2C5E52}.Debug|Any CPU.Build.0 = Debug|Any CPU
		{F95282A1-DD28-4182-9BDD-4FBB5B2C5E52}.Debug|x64.ActiveCfg = Debug|Any CPU
		{F95282A1-DD28-4182-9BDD-4FBB5B2C5E52}.Debug|x64.Build.0 = Debug|Any CPU
		{F95282A1-DD28-4182-9BDD-4FBB5B2C5E52}.Debug|x86.ActiveCfg = Debug|Any CPU
		{F95282A1-DD28-4182-9BDD-4FBB5B2C5E52}.Debug|x86.Build.0 = Debug|Any CPU
		{F95282A1-DD28-4182-9BDD-4FBB5B2C5E52}.Release|Any CPU.ActiveCfg = Release|Any CPU
		{F95282A1-DD28-4182-9BDD-4FBB5B2C5E52}.Release|Any CPU.Build.0 = Release|Any CPU
		{F95282A1-DD28-4182-9BDD-4FBB5B2C5E52}.Release|x64.ActiveCfg = Release|Any CPU
		{F95282A1-DD28-4182-9BDD-4FBB5B2C5E52}.Release|x64.Build.0 = Release|Any CPU
		{F95282A1-DD28-4182-9BDD-4FBB5B2C5E52}.Release|x86.ActiveCfg = Release|Any CPU
		{F95282A1-DD28-4182-9BDD-4FBB5B2C5E52}.Release|x86.Build.0 = Release|Any CPU
		{207AB01C-51D9-47A1-91AE-2B87DB149DF8}.Debug|Any CPU.ActiveCfg = Debug|Any CPU
		{207AB01C-51D9-47A1-91AE-2B87DB149DF8}.Debug|Any CPU.Build.0 = Debug|Any CPU
		{207AB01C-51D9-47A1-91AE-2B87DB149DF8}.Debug|x64.ActiveCfg = Debug|Any CPU
		{207AB01C-51D9-47A1-91AE-2B87DB149DF8}.Debug|x64.Build.0 = Debug|Any CPU
		{207AB01C-51D9-47A1-91AE-2B87DB149DF8}.Debug|x86.ActiveCfg = Debug|Any CPU
		{207AB01C-51D9-47A1-91AE-2B87DB149DF8}.Debug|x86.Build.0 = Debug|Any CPU
		{207AB01C-51D9-47A1-91AE-2B87DB149DF8}.Release|Any CPU.ActiveCfg = Release|Any CPU
		{207AB01C-51D9-47A1-91AE-2B87DB149DF8}.Release|Any CPU.Build.0 = Release|Any CPU
		{207AB01C-51D9-47A1-91AE-2B87DB149DF8}.Release|x64.ActiveCfg = Release|Any CPU
		{207AB01C-51D9-47A1-91AE-2B87DB149DF8}.Release|x64.Build.0 = Release|Any CPU
		{207AB01C-51D9-47A1-91AE-2B87DB149DF8}.Release|x86.ActiveCfg = Release|Any CPU
		{207AB01C-51D9-47A1-91AE-2B87DB149DF8}.Release|x86.Build.0 = Release|Any CPU
		{431F8B66-927C-437C-A962-46D681926B40}.Debug|Any CPU.ActiveCfg = Debug|Any CPU
		{431F8B66-927C-437C-A962-46D681926B40}.Debug|Any CPU.Build.0 = Debug|Any CPU
		{431F8B66-927C-437C-A962-46D681926B40}.Debug|x64.ActiveCfg = Debug|Any CPU
		{431F8B66-927C-437C-A962-46D681926B40}.Debug|x64.Build.0 = Debug|Any CPU
		{431F8B66-927C-437C-A962-46D681926B40}.Debug|x86.ActiveCfg = Debug|Any CPU
		{431F8B66-927C-437C-A962-46D681926B40}.Debug|x86.Build.0 = Debug|Any CPU
		{431F8B66-927C-437C-A962-46D681926B40}.Release|Any CPU.ActiveCfg = Release|Any CPU
		{431F8B66-927C-437C-A962-46D681926B40}.Release|Any CPU.Build.0 = Release|Any CPU
		{431F8B66-927C-437C-A962-46D681926B40}.Release|x64.ActiveCfg = Release|Any CPU
		{431F8B66-927C-437C-A962-46D681926B40}.Release|x64.Build.0 = Release|Any CPU
		{431F8B66-927C-437C-A962-46D681926B40}.Release|x86.ActiveCfg = Release|Any CPU
		{431F8B66-927C-437C-A962-46D681926B40}.Release|x86.Build.0 = Release|Any CPU
		{CCD8AF43-AFA9-4892-A130-2CC6425CE123}.Debug|Any CPU.ActiveCfg = Debug|Any CPU
		{CCD8AF43-AFA9-4892-A130-2CC6425CE123}.Debug|Any CPU.Build.0 = Debug|Any CPU
		{CCD8AF43-AFA9-4892-A130-2CC6425CE123}.Debug|x64.ActiveCfg = Debug|Any CPU
		{CCD8AF43-AFA9-4892-A130-2CC6425CE123}.Debug|x64.Build.0 = Debug|Any CPU
		{CCD8AF43-AFA9-4892-A130-2CC6425CE123}.Debug|x86.ActiveCfg = Debug|Any CPU
		{CCD8AF43-AFA9-4892-A130-2CC6425CE123}.Debug|x86.Build.0 = Debug|Any CPU
		{CCD8AF43-AFA9-4892-A130-2CC6425CE123}.Release|Any CPU.ActiveCfg = Release|Any CPU
		{CCD8AF43-AFA9-4892-A130-2CC6425CE123}.Release|Any CPU.Build.0 = Release|Any CPU
		{CCD8AF43-AFA9-4892-A130-2CC6425CE123}.Release|x64.ActiveCfg = Release|Any CPU
		{CCD8AF43-AFA9-4892-A130-2CC6425CE123}.Release|x64.Build.0 = Release|Any CPU
		{CCD8AF43-AFA9-4892-A130-2CC6425CE123}.Release|x86.ActiveCfg = Release|Any CPU
		{CCD8AF43-AFA9-4892-A130-2CC6425CE123}.Release|x86.Build.0 = Release|Any CPU
		{A2281CD1-B53A-4265-BD52-6C2B1A431587}.Debug|Any CPU.ActiveCfg = Debug|Any CPU
		{A2281CD1-B53A-4265-BD52-6C2B1A431587}.Debug|Any CPU.Build.0 = Debug|Any CPU
		{A2281CD1-B53A-4265-BD52-6C2B1A431587}.Debug|x64.ActiveCfg = Debug|Any CPU
		{A2281CD1-B53A-4265-BD52-6C2B1A431587}.Debug|x64.Build.0 = Debug|Any CPU
		{A2281CD1-B53A-4265-BD52-6C2B1A431587}.Debug|x86.ActiveCfg = Debug|Any CPU
		{A2281CD1-B53A-4265-BD52-6C2B1A431587}.Debug|x86.Build.0 = Debug|Any CPU
		{A2281CD1-B53A-4265-BD52-6C2B1A431587}.Release|Any CPU.ActiveCfg = Release|Any CPU
		{A2281CD1-B53A-4265-BD52-6C2B1A431587}.Release|Any CPU.Build.0 = Release|Any CPU
		{A2281CD1-B53A-4265-BD52-6C2B1A431587}.Release|x64.ActiveCfg = Release|Any CPU
		{A2281CD1-B53A-4265-BD52-6C2B1A431587}.Release|x64.Build.0 = Release|Any CPU
		{A2281CD1-B53A-4265-BD52-6C2B1A431587}.Release|x86.ActiveCfg = Release|Any CPU
		{A2281CD1-B53A-4265-BD52-6C2B1A431587}.Release|x86.Build.0 = Release|Any CPU
		{A4D187CF-5B38-4386-B937-86C5324B179E}.Debug|Any CPU.ActiveCfg = Debug|Any CPU
		{A4D187CF-5B38-4386-B937-86C5324B179E}.Debug|Any CPU.Build.0 = Debug|Any CPU
		{A4D187CF-5B38-4386-B937-86C5324B179E}.Debug|x64.ActiveCfg = Debug|Any CPU
		{A4D187CF-5B38-4386-B937-86C5324B179E}.Debug|x64.Build.0 = Debug|Any CPU
		{A4D187CF-5B38-4386-B937-86C5324B179E}.Debug|x86.ActiveCfg = Debug|Any CPU
		{A4D187CF-5B38-4386-B937-86C5324B179E}.Debug|x86.Build.0 = Debug|Any CPU
		{A4D187CF-5B38-4386-B937-86C5324B179E}.Release|Any CPU.ActiveCfg = Release|Any CPU
		{A4D187CF-5B38-4386-B937-86C5324B179E}.Release|Any CPU.Build.0 = Release|Any CPU
		{A4D187CF-5B38-4386-B937-86C5324B179E}.Release|x64.ActiveCfg = Release|Any CPU
		{A4D187CF-5B38-4386-B937-86C5324B179E}.Release|x64.Build.0 = Release|Any CPU
		{A4D187CF-5B38-4386-B937-86C5324B179E}.Release|x86.ActiveCfg = Release|Any CPU
		{A4D187CF-5B38-4386-B937-86C5324B179E}.Release|x86.Build.0 = Release|Any CPU
		{3CEEE3BF-304D-4BAD-9D5E-644EB3CD6489}.Debug|Any CPU.ActiveCfg = Debug|Any CPU
		{3CEEE3BF-304D-4BAD-9D5E-644EB3CD6489}.Debug|Any CPU.Build.0 = Debug|Any CPU
		{3CEEE3BF-304D-4BAD-9D5E-644EB3CD6489}.Debug|x64.ActiveCfg = Debug|Any CPU
		{3CEEE3BF-304D-4BAD-9D5E-644EB3CD6489}.Debug|x64.Build.0 = Debug|Any CPU
		{3CEEE3BF-304D-4BAD-9D5E-644EB3CD6489}.Debug|x86.ActiveCfg = Debug|Any CPU
		{3CEEE3BF-304D-4BAD-9D5E-644EB3CD6489}.Debug|x86.Build.0 = Debug|Any CPU
		{3CEEE3BF-304D-4BAD-9D5E-644EB3CD6489}.Release|Any CPU.ActiveCfg = Release|Any CPU
		{3CEEE3BF-304D-4BAD-9D5E-644EB3CD6489}.Release|Any CPU.Build.0 = Release|Any CPU
		{3CEEE3BF-304D-4BAD-9D5E-644EB3CD6489}.Release|x64.ActiveCfg = Release|Any CPU
		{3CEEE3BF-304D-4BAD-9D5E-644EB3CD6489}.Release|x64.Build.0 = Release|Any CPU
		{3CEEE3BF-304D-4BAD-9D5E-644EB3CD6489}.Release|x86.ActiveCfg = Release|Any CPU
		{3CEEE3BF-304D-4BAD-9D5E-644EB3CD6489}.Release|x86.Build.0 = Release|Any CPU
		{AE5B9B0D-077F-4655-99DA-26F130054FD0}.Debug|Any CPU.ActiveCfg = Debug|Any CPU
		{AE5B9B0D-077F-4655-99DA-26F130054FD0}.Debug|Any CPU.Build.0 = Debug|Any CPU
		{AE5B9B0D-077F-4655-99DA-26F130054FD0}.Debug|x64.ActiveCfg = Debug|Any CPU
		{AE5B9B0D-077F-4655-99DA-26F130054FD0}.Debug|x64.Build.0 = Debug|Any CPU
		{AE5B9B0D-077F-4655-99DA-26F130054FD0}.Debug|x86.ActiveCfg = Debug|Any CPU
		{AE5B9B0D-077F-4655-99DA-26F130054FD0}.Debug|x86.Build.0 = Debug|Any CPU
		{AE5B9B0D-077F-4655-99DA-26F130054FD0}.Release|Any CPU.ActiveCfg = Release|Any CPU
		{AE5B9B0D-077F-4655-99DA-26F130054FD0}.Release|Any CPU.Build.0 = Release|Any CPU
		{AE5B9B0D-077F-4655-99DA-26F130054FD0}.Release|x64.ActiveCfg = Release|Any CPU
		{AE5B9B0D-077F-4655-99DA-26F130054FD0}.Release|x64.Build.0 = Release|Any CPU
		{AE5B9B0D-077F-4655-99DA-26F130054FD0}.Release|x86.ActiveCfg = Release|Any CPU
		{AE5B9B0D-077F-4655-99DA-26F130054FD0}.Release|x86.Build.0 = Release|Any CPU
		{344DD8F5-AE4E-4C64-9B1A-99C2DE98EC4E}.Debug|Any CPU.ActiveCfg = Debug|Any CPU
		{344DD8F5-AE4E-4C64-9B1A-99C2DE98EC4E}.Debug|Any CPU.Build.0 = Debug|Any CPU
		{344DD8F5-AE4E-4C64-9B1A-99C2DE98EC4E}.Debug|x64.ActiveCfg = Debug|Any CPU
		{344DD8F5-AE4E-4C64-9B1A-99C2DE98EC4E}.Debug|x64.Build.0 = Debug|Any CPU
		{344DD8F5-AE4E-4C64-9B1A-99C2DE98EC4E}.Debug|x86.ActiveCfg = Debug|Any CPU
		{344DD8F5-AE4E-4C64-9B1A-99C2DE98EC4E}.Debug|x86.Build.0 = Debug|Any CPU
		{344DD8F5-AE4E-4C64-9B1A-99C2DE98EC4E}.Release|Any CPU.ActiveCfg = Release|Any CPU
		{344DD8F5-AE4E-4C64-9B1A-99C2DE98EC4E}.Release|Any CPU.Build.0 = Release|Any CPU
		{344DD8F5-AE4E-4C64-9B1A-99C2DE98EC4E}.Release|x64.ActiveCfg = Release|Any CPU
		{344DD8F5-AE4E-4C64-9B1A-99C2DE98EC4E}.Release|x64.Build.0 = Release|Any CPU
		{344DD8F5-AE4E-4C64-9B1A-99C2DE98EC4E}.Release|x86.ActiveCfg = Release|Any CPU
		{344DD8F5-AE4E-4C64-9B1A-99C2DE98EC4E}.Release|x86.Build.0 = Release|Any CPU
		{5B2BB4B9-8682-4FB4-980C-7E6D28AE11AC}.Debug|Any CPU.ActiveCfg = Debug|Any CPU
		{5B2BB4B9-8682-4FB4-980C-7E6D28AE11AC}.Debug|Any CPU.Build.0 = Debug|Any CPU
		{5B2BB4B9-8682-4FB4-980C-7E6D28AE11AC}.Debug|x64.ActiveCfg = Debug|Any CPU
		{5B2BB4B9-8682-4FB4-980C-7E6D28AE11AC}.Debug|x64.Build.0 = Debug|Any CPU
		{5B2BB4B9-8682-4FB4-980C-7E6D28AE11AC}.Debug|x86.ActiveCfg = Debug|Any CPU
		{5B2BB4B9-8682-4FB4-980C-7E6D28AE11AC}.Debug|x86.Build.0 = Debug|Any CPU
		{5B2BB4B9-8682-4FB4-980C-7E6D28AE11AC}.Release|Any CPU.ActiveCfg = Release|Any CPU
		{5B2BB4B9-8682-4FB4-980C-7E6D28AE11AC}.Release|Any CPU.Build.0 = Release|Any CPU
		{5B2BB4B9-8682-4FB4-980C-7E6D28AE11AC}.Release|x64.ActiveCfg = Release|Any CPU
		{5B2BB4B9-8682-4FB4-980C-7E6D28AE11AC}.Release|x64.Build.0 = Release|Any CPU
		{5B2BB4B9-8682-4FB4-980C-7E6D28AE11AC}.Release|x86.ActiveCfg = Release|Any CPU
		{5B2BB4B9-8682-4FB4-980C-7E6D28AE11AC}.Release|x86.Build.0 = Release|Any CPU
	EndGlobalSection
	GlobalSection(SolutionProperties) = preSolution
		HideSolutionNode = FALSE
	EndGlobalSection
	GlobalSection(NestedProjects) = preSolution
		{F8B90FFE-BB37-8A69-F901-2B9289615797} = {827E0CD3-B72D-47B6-A68D-7590B98EB39B}
		{AA28CA0C-FDE9-4FDC-899B-A0EF377667B1} = {F8B90FFE-BB37-8A69-F901-2B9289615797}
		{1A3AA13E-B342-41B4-814C-5D1117ADFD93} = {F8B90FFE-BB37-8A69-F901-2B9289615797}
		{F7C23321-BC79-401B-BFBE-4ED99FC8A062} = {F8B90FFE-BB37-8A69-F901-2B9289615797}
		{447DBD7C-7B45-454D-B1F8-467425BA4837} = {F8B90FFE-BB37-8A69-F901-2B9289615797}
		{1F374950-EEF5-9628-3579-A7C373BA02DA} = {827E0CD3-B72D-47B6-A68D-7590B98EB39B}
		{A90643DF-67EB-4B14-9043-218132029D8F} = {1F374950-EEF5-9628-3579-A7C373BA02DA}
		{5987516B-BA87-46DA-9228-26FAC03B3A78} = {1F374950-EEF5-9628-3579-A7C373BA02DA}
		{C87F4646-54D5-4D5F-BAB8-EA52F1A4E176} = {1F374950-EEF5-9628-3579-A7C373BA02DA}
		{9A6A9B87-8F88-457C-98B8-9F2CA02C3A9F} = {1F374950-EEF5-9628-3579-A7C373BA02DA}
		{D5064FC8-1F49-54B6-E1C8-B23A6140528A} = {827E0CD3-B72D-47B6-A68D-7590B98EB39B}
		{E32ED892-2D0D-4F42-89C8-ED9C59C2D53B} = {D5064FC8-1F49-54B6-E1C8-B23A6140528A}
		{F2D37E48-0466-4581-AF12-1C3FFE7E2D4C} = {D5064FC8-1F49-54B6-E1C8-B23A6140528A}
		{FF3E2149-E49E-4AD6-8F10-2AE8DF8702B3} = {D5064FC8-1F49-54B6-E1C8-B23A6140528A}
		{420165D9-17B2-4952-BE7B-CE39848E65BE} = {D5064FC8-1F49-54B6-E1C8-B23A6140528A}
		{148496FC-F860-5358-356B-D7878D2948E8} = {827E0CD3-B72D-47B6-A68D-7590B98EB39B}
		{F95282A1-DD28-4182-9BDD-4FBB5B2C5E52} = {148496FC-F860-5358-356B-D7878D2948E8}
		{207AB01C-51D9-47A1-91AE-2B87DB149DF8} = {148496FC-F860-5358-356B-D7878D2948E8}
		{431F8B66-927C-437C-A962-46D681926B40} = {148496FC-F860-5358-356B-D7878D2948E8}
		{CCD8AF43-AFA9-4892-A130-2CC6425CE123} = {148496FC-F860-5358-356B-D7878D2948E8}
		{9ED238A0-938C-9A3F-DDEA-9079E74DEC51} = {827E0CD3-B72D-47B6-A68D-7590B98EB39B}
		{A2281CD1-B53A-4265-BD52-6C2B1A431587} = {9ED238A0-938C-9A3F-DDEA-9079E74DEC51}
		{A4D187CF-5B38-4386-B937-86C5324B179E} = {9ED238A0-938C-9A3F-DDEA-9079E74DEC51}
		{F05EC834-DB44-7430-94CD-2C8FD71A6BAA} = {827E0CD3-B72D-47B6-A68D-7590B98EB39B}
		{3CEEE3BF-304D-4BAD-9D5E-644EB3CD6489} = {F05EC834-DB44-7430-94CD-2C8FD71A6BAA}
		{AE5B9B0D-077F-4655-99DA-26F130054FD0} = {F05EC834-DB44-7430-94CD-2C8FD71A6BAA}
		{344DD8F5-AE4E-4C64-9B1A-99C2DE98EC4E} = {F05EC834-DB44-7430-94CD-2C8FD71A6BAA}
		{FCA01246-F2C6-0AA7-D43F-FD13BE0B9D88} = {827E0CD3-B72D-47B6-A68D-7590B98EB39B}
		{5B2BB4B9-8682-4FB4-980C-7E6D28AE11AC} = {FCA01246-F2C6-0AA7-D43F-FD13BE0B9D88}
	EndGlobalSection
EndGlobal
